{
  "name": "week7-fepp-starter",
  "lockfileVersion": 3,
  "requires": true,
  "packages": {
    "": {
      "dependencies": {
        "reach": "^1.0.1"
      }
    },
    "node_modules/reach": {
      "version": "1.0.1",
      "resolved": "https://registry.npmjs.org/reach/-/reach-1.0.1.tgz",
      "integrity": "sha512-TyINp42lj7idWA7/twiZhpokruUPpj6YS1HJ0hDt8L+9upXtK0knjlC2bZigQyg2/okcHJl35Ngxw6ydougFjg==",
      "license": "MIT",
      "engines": {
        "node": ">=4.0.0"
      }
    }
  }
}
